<?xml version="1.0" encoding="utf-8"?>
<Project ToolsVersion="4.0" xmlns="http://schemas.microsoft.com/developer/msbuild/2003">
  <ItemGroup>
    <ClCompile Include="$(GeneratedFilesDir)module.g.cpp">
      <Filter>BuildSettings</Filter>
    </ClCompile>
    <ClCompile Include="pch.cpp">
      <Filter>Entry</Filter>
    </ClCompile>
    <ClCompile Include="UI\Configuration.cpp">
      <Filter>UI</Filter>
    </ClCompile>
    <ClCompile Include="UI\MyItem.cpp">
      <Filter>UI</Filter>
    </ClCompile>
    <ClCompile Include="UI\MyViewModel.cpp">
      <Filter>UI</Filter>
    </ClCompile>
    <ClCompile Include="UI\NavigationParam.cpp" />
    <ClCompile Include="UI\MyCustomControl.cpp">
      <Filter>UI</Filter>
    </ClCompile>
  </ItemGroup>
  <ItemGroup>
    <Image Include="Assets\Wide310x150Logo.scale-200.png">
      <Filter>Assets</Filter>
    </Image>
    <Image Include="Assets\StoreLogo.png">
      <Filter>Assets</Filter>
    </Image>
    <Image Include="Assets\Square150x150Logo.scale-200.png">
      <Filter>Assets</Filter>
    </Image>
    <Image Include="Assets\Square44x44Logo.targetsize-24_altform-unplated.png">
      <Filter>Assets</Filter>
    </Image>
    <Image Include="Assets\Square44x44Logo.scale-200.png">
      <Filter>Assets</Filter>
    </Image>
    <Image Include="Assets\SplashScreen.scale-200.png">
      <Filter>Assets</Filter>
    </Image>
    <Image Include="Assets\LockScreenLogo.scale-200.png">
      <Filter>Assets</Filter>
    </Image>
    <Image Include="Assets\windows-sdk.ico">
      <Filter>Assets</Filter>
    </Image>
    <Image Include="..\1.png" />
    <Image Include="..\2.png" />
  </ItemGroup>
  <ItemGroup>
    <Filter Include="Assets">
      <UniqueIdentifier>{59f517c4-c16d-48da-9927-def9f0140621}</UniqueIdentifier>
    </Filter>
    <Filter Include="BuildSettings">
      <UniqueIdentifier>{01a1cfb6-2f5d-4a59-9ef5-d6bfa6fcecec}</UniqueIdentifier>
    </Filter>
    <Filter Include="UI">
      <UniqueIdentifier>{c4d68a08-7aba-4792-b805-2c2b0f1ce0a1}</UniqueIdentifier>
    </Filter>
    <Filter Include="Entry">
      <UniqueIdentifier>{8e69a4a8-6552-4417-ad42-b32e83256f1e}</UniqueIdentifier>
    </Filter>
    <Filter Include="Themes">
      <UniqueIdentifier>{6d6187b8-6129-49a6-921d-b337c71296f5}</UniqueIdentifier>
    </Filter>
  </ItemGroup>
  <ItemGroup>
    <Manifest Include="app.manifest">
      <Filter>BuildSettings</Filter>
    </Manifest>
  </ItemGroup>
  <ItemGroup>
    <None Include="packages.config">
      <Filter>BuildSettings</Filter>
    </None>
    <None Include="..\ReadMe.md" />
  </ItemGroup>
  <ItemGroup>
    <Text Include="readme.txt">
      <Filter>BuildSettings</Filter>
    </Text>
  </ItemGroup>
  <ItemGroup>
    <Page Include="Styles.xaml">
      <Filter>Entry</Filter>
    </Page>
    <Page Include="UI\MainPage.xaml">
      <Filter>UI</Filter>
    </Page>
    <Page Include="UI\MainWindow.xaml">
      <Filter>UI</Filter>
    </Page>
    <Page Include="UI\MyItemEditPage.xaml">
      <Filter>UI</Filter>
    </Page>
    <Page Include="UI\MyItemViewPage.xaml">
      <Filter>UI</Filter>
    </Page>
    <Page Include="UI\Page1.xaml">
      <Filter>UI</Filter>
    </Page>
    <Page Include="UI\Page2.xaml">
      <Filter>UI</Filter>
    </Page>
    <Page Include="UI\SettingsPage.xaml">
      <Filter>UI</Filter>
    </Page>
    <Page Include="UI\MyDialog.xaml" />
    <Page Include="Themes\MyCustomControl.ResourceDictionary.xaml">
      <Filter>Themes</Filter>
    </Page>
  </ItemGroup>
  <ItemGroup>
    <ClInclude Include="pch.h">
      <Filter>Entry</Filter>
    </ClInclude>
    <ClInclude Include="UI\Configuration.h">
      <Filter>UI</Filter>
    </ClInclude>
    <ClInclude Include="UI\MyItem.h">
      <Filter>UI</Filter>
    </ClInclude>
    <ClInclude Include="UI\MyViewModel.h">
      <Filter>UI</Filter>
    </ClInclude>
    <ClInclude Include="UI\pch.h">
      <Filter>UI</Filter>
    </ClInclude>
    <ClInclude Include="UI\NavigationParam.h" />
  </ItemGroup>
  <ItemGroup>
    <Midl Include="UI\MainWindow.idl">
      <Filter>UI</Filter>
    </Midl>
    <Midl Include="UI\MyItem.idl">
      <Filter>UI</Filter>
    </Midl>
    <Midl Include="UI\MyViewModel.idl">
      <Filter>UI</Filter>
    </Midl>
    <Midl Include="UI\MyItemViewPage.idl">
      <Filter>UI</Filter>
    </Midl>
    <Midl Include="UI\MyItemEditPage.idl">
      <Filter>UI</Filter>
    </Midl>
    <Midl Include="UI\Page1.idl">
      <Filter>UI</Filter>
    </Midl>
    <Midl Include="UI\Page2.idl">
      <Filter>UI</Filter>
    </Midl>
    <Midl Include="UI\SettingsPage.idl">
      <Filter>UI</Filter>
    </Midl>
    <Midl Include="UI\MainPage.idl">
      <Filter>UI</Filter>
    </Midl>
    <Midl Include="UI\NavigationParam.idl" />
  </ItemGroup>
  <ItemGroup>
    <ApplicationDefinition Include="UI\App.xaml">
      <Filter>UI</Filter>
    </ApplicationDefinition>
  </ItemGroup>
  <ItemGroup>
    <Natvis Include="$(MSBuildThisFileDirectory)..\..\natvis\wil.natvis" />
    <Natvis Include="$(MSBuildThisFileDirectory)..\..\natvis\wil.natstepfilter" />
  </ItemGroup>
</Project>